{
  "pins" : [
    {
      "identity" : "staticlogger",
      "kind" : "remoteSourceControl",
      "location" : "https://github.com/zakaton/StaticLogger.git",
      "state" : {
        "branch" : "main",
        "revision" : "373d6e3c214737d67baacd235ea008f070f8367d"
      }
    },
    {
      "identity" : "swift-syntax",
      "kind" : "remoteSourceControl",
      "location" : "https://github.com/apple/swift-syntax.git",
      "state" : {
        "revision" : "ffa3cd6fc2aa62adbedd31d3efaf7c0d86a9f029",
        "version" : "509.0.1"
      }
    },
    {
      "identity" : "ukatonswiftmacros",
      "kind" : "localSourceControl",
      "location" : "/Users/zakaton/Documents/GitHub/UkatonSwiftMacros",
      "state" : {
        "branch" : "main",
        "revision" : "dbf99b05a38d8a3d5b230e7d3914ffc621592979"
      }
    }
  ],
  "version" : 2
}
