{
  "pins" : [
    {
      "identity" : "swift-syntax",
      "kind" : "remoteSourceControl",
      "location" : "https://github.com/apple/swift-syntax.git",
      "state" : {
        "revision" : "ffa3cd6fc2aa62adbedd31d3efaf7c0d86a9f029",
        "version" : "509.0.1"
      }
    },
    {
      "identity" : "ukatonswiftmacros",
      "kind" : "localSourceControl",
      "location" : "/Users/zakaton/Documents/GitHub/UkatonSwiftMacros",
      "state" : {
        "branch" : "main",
        "revision" : "95462fb044e3068ab4bf1b23503b6561fe5b4a7f"
      }
    }
  ],
  "version" : 2
}
